
Microsoft Visual Studio Solution File, Format Version 12.00
# Visual Studio Version 17
VisualStudioVersion = 17.13.35818.85
MinimumVisualStudioVersion = 10.0.40219.1
Project("{FAE04EC0-301F-11D3-BF4B-00C04F79EFBC}") = "FatureSwitching", "Latest.NET9 Features\FatureSwitching.csproj", "{EAB2F09C-A088-4D09-9935-CD7266E1025E}"
EndProject
Project("{FAE04EC0-301F-11D3-BF4B-00C04F79EFBC}") = "LINQ", "LINQ\LINQ.csproj", "{C997A97A-8335-4A3A-9CC2-054620E4B600}"
EndProject
Project("{FAE04EC0-301F-11D3-BF4B-00C04F79EFBC}") = "Spans", "Spans\Spans.csproj", "{E7039ACB-A33C-4E81-8CCD-0DCE94A8A5FC}"
EndProject
Project("{FAE04EC0-301F-11D3-BF4B-00C04F79EFBC}") = "HybridCache", "HybridCache\HybridCache.csproj", "{28CF6F55-EC68-7EBB-25FD-AA58ED6DFB11}"
EndProject
Project("{FAE04EC0-301F-11D3-BF4B-00C04F79EFBC}") = "JSONStuff", "JSONStuff\JSONStuff.csproj", "{5A57E494-CCB1-4ED2-84F8-8E57961C1414}"
EndProject
Global
	GlobalSection(SolutionConfigurationPlatforms) = preSolution
		Debug|Any CPU = Debug|Any CPU
		Release|Any CPU = Release|Any CPU
	EndGlobalSection
	GlobalSection(ProjectConfigurationPlatforms) = postSolution
		{EAB2F09C-A088-4D09-9935-CD7266E1025E}.Debug|Any CPU.ActiveCfg = Debug|Any CPU
		{EAB2F09C-A088-4D09-9935-CD7266E1025E}.Debug|Any CPU.Build.0 = Debug|Any CPU
		{EAB2F09C-A088-4D09-9935-CD7266E1025E}.Release|Any CPU.ActiveCfg = Release|Any CPU
		{EAB2F09C-A088-4D09-9935-CD7266E1025E}.Release|Any CPU.Build.0 = Release|Any CPU
		{C997A97A-8335-4A3A-9CC2-054620E4B600}.Debug|Any CPU.ActiveCfg = Debug|Any CPU
		{C997A97A-8335-4A3A-9CC2-054620E4B600}.Debug|Any CPU.Build.0 = Debug|Any CPU
		{C997A97A-8335-4A3A-9CC2-054620E4B600}.Release|Any CPU.ActiveCfg = Release|Any CPU
		{C997A97A-8335-4A3A-9CC2-054620E4B600}.Release|Any CPU.Build.0 = Release|Any CPU
		{E7039ACB-A33C-4E81-8CCD-0DCE94A8A5FC}.Debug|Any CPU.ActiveCfg = Debug|Any CPU
		{E7039ACB-A33C-4E81-8CCD-0DCE94A8A5FC}.Debug|Any CPU.Build.0 = Debug|Any CPU
		{E7039ACB-A33C-4E81-8CCD-0DCE94A8A5FC}.Release|Any CPU.ActiveCfg = Release|Any CPU
		{E7039ACB-A33C-4E81-8CCD-0DCE94A8A5FC}.Release|Any CPU.Build.0 = Release|Any CPU
		{28CF6F55-EC68-7EBB-25FD-AA58ED6DFB11}.Debug|Any CPU.ActiveCfg = Debug|Any CPU
		{28CF6F55-EC68-7EBB-25FD-AA58ED6DFB11}.Debug|Any CPU.Build.0 = Debug|Any CPU
		{28CF6F55-EC68-7EBB-25FD-AA58ED6DFB11}.Release|Any CPU.ActiveCfg = Release|Any CPU
		{28CF6F55-EC68-7EBB-25FD-AA58ED6DFB11}.Release|Any CPU.Build.0 = Release|Any CPU
		{5A57E494-CCB1-4ED2-84F8-8E57961C1414}.Debug|Any CPU.ActiveCfg = Debug|Any CPU
		{5A57E494-CCB1-4ED2-84F8-8E57961C1414}.Debug|Any CPU.Build.0 = Debug|Any CPU
		{5A57E494-CCB1-4ED2-84F8-8E57961C1414}.Release|Any CPU.ActiveCfg = Release|Any CPU
		{5A57E494-CCB1-4ED2-84F8-8E57961C1414}.Release|Any CPU.Build.0 = Release|Any CPU
	EndGlobalSection
	GlobalSection(SolutionProperties) = preSolution
		HideSolutionNode = FALSE
	EndGlobalSection
	GlobalSection(ExtensibilityGlobals) = postSolution
		SolutionGuid = {4C6DCAD1-8175-4E0B-BE00-B78E36A9A7E0}
	EndGlobalSection
EndGlobal
